// !$*UTF8*$!
{
	archiveVersion = 1;
	classes = {
	};
	objectVersion = 48;
	objects = {

/* Begin PBXBuildFile section */
		7484B05420441FD000BDE1A6 /* DataProvider.framework in Frameworks */ = {isa = PBXBuildFile; fileRef = 7484B05320441FD000BDE1A6 /* DataProvider.framework */; };
		7484B05520441FD000BDE1A6 /* DataProvider.framework in Embed Frameworks */ = {isa = PBXBuildFile; fileRef = 7484B05320441FD000BDE1A6 /* DataProvider.framework */; settings = {ATTRIBUTES = (CodeSignOnCopy, RemoveHeadersOnCopy, ); }; };
		74B79258202B3254006BCB41 /* AppDelegate.swift in Sources */ = {isa = PBXBuildFile; fileRef = 74B79257202B3254006BCB41 /* AppDelegate.swift */; };
		74B7925F202B3254006BCB41 /* Assets.xcassets in Resources */ = {isa = PBXBuildFile; fileRef = 74B7925E202B3254006BCB41 /* Assets.xcassets */; };
		8777BC787EB9AF71B2F028C5 /* Pods_Course2FinalTask.framework in Frameworks */ = {isa = PBXBuildFile; fileRef = D01D6F5FBF2368859E363AD2 /* Pods_Course2FinalTask.framework */; };
		E92B368A2412879C003633DD /* PostHeader.swift in Sources */ = {isa = PBXBuildFile; fileRef = E92B36892412879C003633DD /* PostHeader.swift */; };
		E92B368C24128ABB003633DD /* PostFooterView.swift in Sources */ = {isa = PBXBuildFile; fileRef = E92B368B24128ABB003633DD /* PostFooterView.swift */; };
		E92B36922413E75A003633DD /* ProfileViewController.swift in Sources */ = {isa = PBXBuildFile; fileRef = E92B36912413E75A003633DD /* ProfileViewController.swift */; };
		E92B36942413EA79003633DD /* ProfileInfoView.swift in Sources */ = {isa = PBXBuildFile; fileRef = E92B36932413EA79003633DD /* ProfileInfoView.swift */; };
		E92B36982413F7F0003633DD /* ImageCollectionViewCell.swift in Sources */ = {isa = PBXBuildFile; fileRef = E92B36972413F7F0003633DD /* ImageCollectionViewCell.swift */; };
		E94C0B1E246B089000AB7116 /* NewPostViewController.swift in Sources */ = {isa = PBXBuildFile; fileRef = E94C0B1D246B089000AB7116 /* NewPostViewController.swift */; };
		E94C0B21246B21CE00AB7116 /* NewImageThumbnailCell.swift in Sources */ = {isa = PBXBuildFile; fileRef = E94C0B20246B21CE00AB7116 /* NewImageThumbnailCell.swift */; };
		E94C0B23246C2BF300AB7116 /* FilterImageViewController.swift in Sources */ = {isa = PBXBuildFile; fileRef = E94C0B22246C2BF300AB7116 /* FilterImageViewController.swift */; };
		E94C0B25246C59D700AB7116 /* FilteredThumbnailCell.swift in Sources */ = {isa = PBXBuildFile; fileRef = E94C0B24246C59D700AB7116 /* FilteredThumbnailCell.swift */; };
		E94C0B27246C68EA00AB7116 /* AddDescriptionViewController.swift in Sources */ = {isa = PBXBuildFile; fileRef = E94C0B26246C68EA00AB7116 /* AddDescriptionViewController.swift */; };
		E94C0B29246C72C200AB7116 /* Filters.swift in Sources */ = {isa = PBXBuildFile; fileRef = E94C0B28246C72C200AB7116 /* Filters.swift */; };
		E97D7BFD241C0EB5007509DC /* UserTableViewCell.swift in Sources */ = {isa = PBXBuildFile; fileRef = E97D7BFC241C0EB5007509DC /* UserTableViewCell.swift */; };
		E9A8772924124B9C0004F142 /* FeedViewController.swift in Sources */ = {isa = PBXBuildFile; fileRef = E9A8772824124B9C0004F142 /* FeedViewController.swift */; };
		E9A8772B24124D200004F142 /* FeedPostCell.swift in Sources */ = {isa = PBXBuildFile; fileRef = E9A8772A24124D200004F142 /* FeedPostCell.swift */; };
		E9DEF4C0241BD5C200D8E9B3 /* UsersListViewController.swift in Sources */ = {isa = PBXBuildFile; fileRef = E9DEF4BF241BD5C200D8E9B3 /* UsersListViewController.swift */; };
/* End PBXBuildFile section */

/* Begin PBXCopyFilesBuildPhase section */
		74B7927A202B33EA006BCB41 /* Embed Frameworks */ = {
			isa = PBXCopyFilesBuildPhase;
			buildActionMask = 2147483647;
			dstPath = "";
			dstSubfolderSpec = 10;
			files = (
				7484B05520441FD000BDE1A6 /* DataProvider.framework in Embed Frameworks */,
			);
			name = "Embed Frameworks";
			runOnlyForDeploymentPostprocessing = 0;
		};
/* End PBXCopyFilesBuildPhase section */

/* Begin PBXFileReference section */
		0DC827AF5714584F5E50E0A0 /* Pods-Course2FinalTask.debug.xcconfig */ = {isa = PBXFileReference; includeInIndex = 1; lastKnownFileType = text.xcconfig; name = "Pods-Course2FinalTask.debug.xcconfig"; path = "Target Support Files/Pods-Course2FinalTask/Pods-Course2FinalTask.debug.xcconfig"; sourceTree = "<group>"; };
		6C67532A6FC10CEBFB2EB40A /* Pods-Course2FinalTask.release.xcconfig */ = {isa = PBXFileReference; includeInIndex = 1; lastKnownFileType = text.xcconfig; name = "Pods-Course2FinalTask.release.xcconfig"; path = "Target Support Files/Pods-Course2FinalTask/Pods-Course2FinalTask.release.xcconfig"; sourceTree = "<group>"; };
		7484B05320441FD000BDE1A6 /* DataProvider.framework */ = {isa = PBXFileReference; lastKnownFileType = wrapper.framework; path = DataProvider.framework; sourceTree = "<group>"; };
		74B79254202B3254006BCB41 /* Course2FinalTask.app */ = {isa = PBXFileReference; explicitFileType = wrapper.application; includeInIndex = 0; path = Course2FinalTask.app; sourceTree = BUILT_PRODUCTS_DIR; };
		74B79257202B3254006BCB41 /* AppDelegate.swift */ = {isa = PBXFileReference; lastKnownFileType = sourcecode.swift; path = AppDelegate.swift; sourceTree = "<group>"; };
		74B7925E202B3254006BCB41 /* Assets.xcassets */ = {isa = PBXFileReference; lastKnownFileType = folder.assetcatalog; path = Assets.xcassets; sourceTree = "<group>"; };
		74B79263202B3254006BCB41 /* Info.plist */ = {isa = PBXFileReference; lastKnownFileType = text.plist.xml; path = Info.plist; sourceTree = "<group>"; };
		D01D6F5FBF2368859E363AD2 /* Pods_Course2FinalTask.framework */ = {isa = PBXFileReference; explicitFileType = wrapper.framework; includeInIndex = 0; path = Pods_Course2FinalTask.framework; sourceTree = BUILT_PRODUCTS_DIR; };
		E92B36892412879C003633DD /* PostHeader.swift */ = {isa = PBXFileReference; lastKnownFileType = sourcecode.swift; path = PostHeader.swift; sourceTree = "<group>"; };
		E92B368B24128ABB003633DD /* PostFooterView.swift */ = {isa = PBXFileReference; indentWidth = 2; lastKnownFileType = sourcecode.swift; path = PostFooterView.swift; sourceTree = "<group>"; };
		E92B36912413E75A003633DD /* ProfileViewController.swift */ = {isa = PBXFileReference; indentWidth = 2; lastKnownFileType = sourcecode.swift; path = ProfileViewController.swift; sourceTree = "<group>"; };
		E92B36932413EA79003633DD /* ProfileInfoView.swift */ = {isa = PBXFileReference; indentWidth = 2; lastKnownFileType = sourcecode.swift; path = ProfileInfoView.swift; sourceTree = "<group>"; };
		E92B36972413F7F0003633DD /* ImageCollectionViewCell.swift */ = {isa = PBXFileReference; lastKnownFileType = sourcecode.swift; path = ImageCollectionViewCell.swift; sourceTree = "<group>"; };
		E94C0B1D246B089000AB7116 /* NewPostViewController.swift */ = {isa = PBXFileReference; lastKnownFileType = sourcecode.swift; path = NewPostViewController.swift; sourceTree = "<group>"; };
		E94C0B20246B21CE00AB7116 /* NewImageThumbnailCell.swift */ = {isa = PBXFileReference; lastKnownFileType = sourcecode.swift; path = NewImageThumbnailCell.swift; sourceTree = "<group>"; };
		E94C0B22246C2BF300AB7116 /* FilterImageViewController.swift */ = {isa = PBXFileReference; lastKnownFileType = sourcecode.swift; path = FilterImageViewController.swift; sourceTree = "<group>"; };
		E94C0B24246C59D700AB7116 /* FilteredThumbnailCell.swift */ = {isa = PBXFileReference; lastKnownFileType = sourcecode.swift; path = FilteredThumbnailCell.swift; sourceTree = "<group>"; };
		E94C0B26246C68EA00AB7116 /* AddDescriptionViewController.swift */ = {isa = PBXFileReference; lastKnownFileType = sourcecode.swift; path = AddDescriptionViewController.swift; sourceTree = "<group>"; };
		E94C0B28246C72C200AB7116 /* Filters.swift */ = {isa = PBXFileReference; lastKnownFileType = sourcecode.swift; path = Filters.swift; sourceTree = "<group>"; };
		E97D7BFC241C0EB5007509DC /* UserTableViewCell.swift */ = {isa = PBXFileReference; lastKnownFileType = sourcecode.swift; path = UserTableViewCell.swift; sourceTree = "<group>"; };
		E9A8772824124B9C0004F142 /* FeedViewController.swift */ = {isa = PBXFileReference; lastKnownFileType = sourcecode.swift; path = FeedViewController.swift; sourceTree = "<group>"; };
		E9A8772A24124D200004F142 /* FeedPostCell.swift */ = {isa = PBXFileReference; indentWidth = 2; lastKnownFileType = sourcecode.swift; path = FeedPostCell.swift; sourceTree = "<group>"; };
		E9DEF4BF241BD5C200D8E9B3 /* UsersListViewController.swift */ = {isa = PBXFileReference; indentWidth = 2; lastKnownFileType = sourcecode.swift; path = UsersListViewController.swift; sourceTree = "<group>"; };
/* End PBXFileReference section */

/* Begin PBXFrameworksBuildPhase section */
		74B79251202B3254006BCB41 /* Frameworks */ = {
			isa = PBXFrameworksBuildPhase;
			buildActionMask = 2147483647;
			files = (
				7484B05420441FD000BDE1A6 /* DataProvider.framework in Frameworks */,
				8777BC787EB9AF71B2F028C5 /* Pods_Course2FinalTask.framework in Frameworks */,
			);
			runOnlyForDeploymentPostprocessing = 0;
		};
/* End PBXFrameworksBuildPhase section */

/* Begin PBXGroup section */
		023ED0D753148BF77168FF6B /* Frameworks */ = {
			isa = PBXGroup;
			children = (
				D01D6F5FBF2368859E363AD2 /* Pods_Course2FinalTask.framework */,
			);
			name = Frameworks;
			sourceTree = "<group>";
		};
		0EE147604B8D6585C769CF1C /* Pods */ = {
			isa = PBXGroup;
			children = (
				0DC827AF5714584F5E50E0A0 /* Pods-Course2FinalTask.debug.xcconfig */,
				6C67532A6FC10CEBFB2EB40A /* Pods-Course2FinalTask.release.xcconfig */,
			);
			path = Pods;
			sourceTree = "<group>";
		};
		74B7924B202B3254006BCB41 = {
			isa = PBXGroup;
			children = (
				74B79256202B3254006BCB41 /* Course2FinalTask */,
				7484B05320441FD000BDE1A6 /* DataProvider.framework */,
				74B79255202B3254006BCB41 /* Products */,
				0EE147604B8D6585C769CF1C /* Pods */,
				023ED0D753148BF77168FF6B /* Frameworks */,
			);
			indentWidth = 2;
			sourceTree = "<group>";
		};
		74B79255202B3254006BCB41 /* Products */ = {
			isa = PBXGroup;
			children = (
				74B79254202B3254006BCB41 /* Course2FinalTask.app */,
			);
			name = Products;
			sourceTree = "<group>";
		};
		74B79256202B3254006BCB41 /* Course2FinalTask */ = {
			isa = PBXGroup;
			children = (
				E92B36952413F00A003633DD /* Feed */,
				E92B36962413F020003633DD /* Profile */,
				E94C0B1F246B1A4000AB7116 /* NewPost */,
				E9DEF4C1241BFA8800D8E9B3 /* Users List */,
				74B7927B202B3427006BCB41 /* Code */,
				74B7927C202B342E006BCB41 /* Resources */,
				74B7927D202B3434006BCB41 /* Supporting Files */,
			);
			path = Course2FinalTask;
			sourceTree = "<group>";
		};
		74B7927B202B3427006BCB41 /* Code */ = {
			isa = PBXGroup;
			children = (
				74B79257202B3254006BCB41 /* AppDelegate.swift */,
			);
			path = Code;
			sourceTree = "<group>";
		};
		74B7927C202B342E006BCB41 /* Resources */ = {
			isa = PBXGroup;
			children = (
				74B7925E202B3254006BCB41 /* Assets.xcassets */,
			);
			path = Resources;
			sourceTree = "<group>";
		};
		74B7927D202B3434006BCB41 /* Supporting Files */ = {
			isa = PBXGroup;
			children = (
				74B79263202B3254006BCB41 /* Info.plist */,
			);
			path = "Supporting Files";
			sourceTree = "<group>";
		};
		E92B36952413F00A003633DD /* Feed */ = {
			isa = PBXGroup;
			children = (
				E9A8772824124B9C0004F142 /* FeedViewController.swift */,
				E974E1DC245AE46500B0B3BD /* Feed Subviews */,
			);
			path = Feed;
			sourceTree = "<group>";
		};
		E92B36962413F020003633DD /* Profile */ = {
			isa = PBXGroup;
			children = (
				E92B36912413E75A003633DD /* ProfileViewController.swift */,
				E92B36932413EA79003633DD /* ProfileInfoView.swift */,
				E92B36972413F7F0003633DD /* ImageCollectionViewCell.swift */,
			);
			path = Profile;
			sourceTree = "<group>";
		};
		E94C0B1F246B1A4000AB7116 /* NewPost */ = {
			isa = PBXGroup;
			children = (
				E94C0B28246C72C200AB7116 /* Filters.swift */,
				E94C0B1D246B089000AB7116 /* NewPostViewController.swift */,
				E94C0B22246C2BF300AB7116 /* FilterImageViewController.swift */,
				E94C0B26246C68EA00AB7116 /* AddDescriptionViewController.swift */,
				E94C0B20246B21CE00AB7116 /* NewImageThumbnailCell.swift */,
				E94C0B24246C59D700AB7116 /* FilteredThumbnailCell.swift */,
			);
			path = NewPost;
			sourceTree = "<group>";
		};
		E974E1DC245AE46500B0B3BD /* Feed Subviews */ = {
			isa = PBXGroup;
			children = (
				E9A8772A24124D200004F142 /* FeedPostCell.swift */,
				E92B36892412879C003633DD /* PostHeader.swift */,
				E92B368B24128ABB003633DD /* PostFooterView.swift */,
			);
			path = "Feed Subviews";
			sourceTree = "<group>";
		};
		E9DEF4C1241BFA8800D8E9B3 /* Users List */ = {
			isa = PBXGroup;
			children = (
				E9DEF4BF241BD5C200D8E9B3 /* UsersListViewController.swift */,
				E97D7BFC241C0EB5007509DC /* UserTableViewCell.swift */,
			);
			path = "Users List";
			sourceTree = "<group>";
		};
/* End PBXGroup section */

/* Begin PBXNativeTarget section */
		74B79253202B3254006BCB41 /* Course2FinalTask */ = {
			isa = PBXNativeTarget;
			buildConfigurationList = 74B79266202B3254006BCB41 /* Build configuration list for PBXNativeTarget "Course2FinalTask" */;
			buildPhases = (
				E76EBA61575CBC642E744910 /* [CP] Check Pods Manifest.lock */,
				74B79250202B3254006BCB41 /* Sources */,
				74B79251202B3254006BCB41 /* Frameworks */,
				74B79252202B3254006BCB41 /* Resources */,
				74B7927A202B33EA006BCB41 /* Embed Frameworks */,
				5C67E92D3D813060111AA667 /* [CP] Embed Pods Frameworks */,
			);
			buildRules = (
			);
			dependencies = (
			);
			name = Course2FinalTask;
			productName = Course2Week3FinalTask;
			productReference = 74B79254202B3254006BCB41 /* Course2FinalTask.app */;
			productType = "com.apple.product-type.application";
		};
/* End PBXNativeTarget section */

/* Begin PBXProject section */
		74B7924C202B3254006BCB41 /* Project object */ = {
			isa = PBXProject;
			attributes = {
				LastSwiftUpdateCheck = 0920;
				LastUpgradeCheck = 1100;
				ORGANIZATIONNAME = "e-Legion";
				TargetAttributes = {
					74B79253202B3254006BCB41 = {
						CreatedOnToolsVersion = 9.2;
						LastSwiftMigration = 1100;
						ProvisioningStyle = Automatic;
					};
				};
			};
			buildConfigurationList = 74B7924F202B3254006BCB41 /* Build configuration list for PBXProject "Course2FinalTask" */;
			compatibilityVersion = "Xcode 8.0";
			developmentRegion = en;
			hasScannedForEncodings = 0;
			knownRegions = (
				en,
				Base,
			);
			mainGroup = 74B7924B202B3254006BCB41;
			productRefGroup = 74B79255202B3254006BCB41 /* Products */;
			projectDirPath = "";
			projectRoot = "";
			targets = (
				74B79253202B3254006BCB41 /* Course2FinalTask */,
			);
		};
/* End PBXProject section */

/* Begin PBXResourcesBuildPhase section */
		74B79252202B3254006BCB41 /* Resources */ = {
			isa = PBXResourcesBuildPhase;
			buildActionMask = 2147483647;
			files = (
				74B7925F202B3254006BCB41 /* Assets.xcassets in Resources */,
			);
			runOnlyForDeploymentPostprocessing = 0;
		};
/* End PBXResourcesBuildPhase section */

/* Begin PBXShellScriptBuildPhase section */
		5C67E92D3D813060111AA667 /* [CP] Embed Pods Frameworks */ = {
			isa = PBXShellScriptBuildPhase;
			buildActionMask = 2147483647;
			files = (
			);
			inputPaths = (
				"${PODS_ROOT}/Target Support Files/Pods-Course2FinalTask/Pods-Course2FinalTask-frameworks.sh",
				"${BUILT_PRODUCTS_DIR}/SnapKit/SnapKit.framework",
			);
			name = "[CP] Embed Pods Frameworks";
			outputPaths = (
				"${TARGET_BUILD_DIR}/${FRAMEWORKS_FOLDER_PATH}/SnapKit.framework",
			);
			runOnlyForDeploymentPostprocessing = 0;
			shellPath = /bin/sh;
			shellScript = "\"${PODS_ROOT}/Target Support Files/Pods-Course2FinalTask/Pods-Course2FinalTask-frameworks.sh\"\n";
			showEnvVarsInLog = 0;
		};
		E76EBA61575CBC642E744910 /* [CP] Check Pods Manifest.lock */ = {
			isa = PBXShellScriptBuildPhase;
			buildActionMask = 2147483647;
			files = (
			);
			inputFileListPaths = (
			);
			inputPaths = (
				"${PODS_PODFILE_DIR_PATH}/Podfile.lock",
				"${PODS_ROOT}/Manifest.lock",
			);
			name = "[CP] Check Pods Manifest.lock";
			outputFileListPaths = (
			);
			outputPaths = (
				"$(DERIVED_FILE_DIR)/Pods-Course2FinalTask-checkManifestLockResult.txt",
			);
			runOnlyForDeploymentPostprocessing = 0;
			shellPath = /bin/sh;
			shellScript = "diff \"${PODS_PODFILE_DIR_PATH}/Podfile.lock\" \"${PODS_ROOT}/Manifest.lock\" > /dev/null\nif [ $? != 0 ] ; then\n    # print error to STDERR\n    echo \"error: The sandbox is not in sync with the Podfile.lock. Run 'pod install' or update your CocoaPods installation.\" >&2\n    exit 1\nfi\n# This output is used by Xcode 'outputs' to avoid re-running this script phase.\necho \"SUCCESS\" > \"${SCRIPT_OUTPUT_FILE_0}\"\n";
			showEnvVarsInLog = 0;
		};
/* End PBXShellScriptBuildPhase section */

/* Begin PBXSourcesBuildPhase section */
		74B79250202B3254006BCB41 /* Sources */ = {
			isa = PBXSourcesBuildPhase;
			buildActionMask = 2147483647;
			files = (
				E94C0B1E246B089000AB7116 /* NewPostViewController.swift in Sources */,
				E94C0B29246C72C200AB7116 /* Filters.swift in Sources */,
				E92B36922413E75A003633DD /* ProfileViewController.swift in Sources */,
				E9A8772B24124D200004F142 /* FeedPostCell.swift in Sources */,
				E94C0B21246B21CE00AB7116 /* NewImageThumbnailCell.swift in Sources */,
				E92B36982413F7F0003633DD /* ImageCollectionViewCell.swift in Sources */,
				E94C0B25246C59D700AB7116 /* FilteredThumbnailCell.swift in Sources */,
				E9A8772924124B9C0004F142 /* FeedViewController.swift in Sources */,
				E92B368A2412879C003633DD /* PostHeader.swift in Sources */,
				E94C0B27246C68EA00AB7116 /* AddDescriptionViewController.swift in Sources */,
				E94C0B23246C2BF300AB7116 /* FilterImageViewController.swift in Sources */,
				E9DEF4C0241BD5C200D8E9B3 /* UsersListViewController.swift in Sources */,
				E92B368C24128ABB003633DD /* PostFooterView.swift in Sources */,
				E92B36942413EA79003633DD /* ProfileInfoView.swift in Sources */,
				E97D7BFD241C0EB5007509DC /* UserTableViewCell.swift in Sources */,
				74B79258202B3254006BCB41 /* AppDelegate.swift in Sources */,
			);
			runOnlyForDeploymentPostprocessing = 0;
		};
/* End PBXSourcesBuildPhase section */

/* Begin XCBuildConfiguration section */
		74B79264202B3254006BCB41 /* Debug */ = {
			isa = XCBuildConfiguration;
			buildSettings = {
				ALWAYS_SEARCH_USER_PATHS = NO;
				CLANG_ANALYZER_NONNULL = YES;
				CLANG_ANALYZER_NUMBER_OBJECT_CONVERSION = YES_AGGRESSIVE;
				CLANG_CXX_LANGUAGE_STANDARD = "gnu++14";
				CLANG_CXX_LIBRARY = "libc++";
				CLANG_ENABLE_MODULES = YES;
				CLANG_ENABLE_OBJC_ARC = YES;
				CLANG_WARN_BLOCK_CAPTURE_AUTORELEASING = YES;
				CLANG_WARN_BOOL_CONVERSION = YES;
				CLANG_WARN_COMMA = YES;
				CLANG_WARN_CONSTANT_CONVERSION = YES;
				CLANG_WARN_DEPRECATED_OBJC_IMPLEMENTATIONS = YES;
				CLANG_WARN_DIRECT_OBJC_ISA_USAGE = YES_ERROR;
				CLANG_WARN_DOCUMENTATION_COMMENTS = YES;
				CLANG_WARN_EMPTY_BODY = YES;
				CLANG_WARN_ENUM_CONVERSION = YES;
				CLANG_WARN_INFINITE_RECURSION = YES;
				CLANG_WARN_INT_CONVERSION = YES;
				CLANG_WARN_NON_LITERAL_NULL_CONVERSION = YES;
				CLANG_WARN_OBJC_IMPLICIT_RETAIN_SELF = YES;
				CLANG_WARN_OBJC_LITERAL_CONVERSION = YES;
				CLANG_WARN_OBJC_ROOT_CLASS = YES_ERROR;
				CLANG_WARN_RANGE_LOOP_ANALYSIS = YES;
				CLANG_WARN_STRICT_PROTOTYPES = YES;
				CLANG_WARN_SUSPICIOUS_MOVE = YES;
				CLANG_WARN_UNGUARDED_AVAILABILITY = YES_AGGRESSIVE;
				CLANG_WARN_UNREACHABLE_CODE = YES;
				CLANG_WARN__DUPLICATE_METHOD_MATCH = YES;
				CODE_SIGN_IDENTITY = "iPhone Developer";
				COPY_PHASE_STRIP = NO;
				DEBUG_INFORMATION_FORMAT = dwarf;
				ENABLE_STRICT_OBJC_MSGSEND = YES;
				ENABLE_TESTABILITY = YES;
				GCC_C_LANGUAGE_STANDARD = gnu11;
				GCC_DYNAMIC_NO_PIC = NO;
				GCC_NO_COMMON_BLOCKS = YES;
				GCC_OPTIMIZATION_LEVEL = 0;
				GCC_PREPROCESSOR_DEFINITIONS = (
					"DEBUG=1",
					"$(inherited)",
				);
				GCC_WARN_64_TO_32_BIT_CONVERSION = YES;
				GCC_WARN_ABOUT_RETURN_TYPE = YES_ERROR;
				GCC_WARN_UNDECLARED_SELECTOR = YES;
				GCC_WARN_UNINITIALIZED_AUTOS = YES_AGGRESSIVE;
				GCC_WARN_UNUSED_FUNCTION = YES;
				GCC_WARN_UNUSED_VARIABLE = YES;
				IPHONEOS_DEPLOYMENT_TARGET = 11.0;
				MTL_ENABLE_DEBUG_INFO = YES;
				ONLY_ACTIVE_ARCH = YES;
				SDKROOT = iphoneos;
				SWIFT_ACTIVE_COMPILATION_CONDITIONS = DEBUG;
				SWIFT_OPTIMIZATION_LEVEL = "-Onone";
			};
			name = Debug;
		};
		74B79265202B3254006BCB41 /* Release */ = {
			isa = XCBuildConfiguration;
			buildSettings = {
				ALWAYS_SEARCH_USER_PATHS = NO;
				CLANG_ANALYZER_NONNULL = YES;
				CLANG_ANALYZER_NUMBER_OBJECT_CONVERSION = YES_AGGRESSIVE;
				CLANG_CXX_LANGUAGE_STANDARD = "gnu++14";
				CLANG_CXX_LIBRARY = "libc++";
				CLANG_ENABLE_MODULES = YES;
				CLANG_ENABLE_OBJC_ARC = YES;
				CLANG_WARN_BLOCK_CAPTURE_AUTORELEASING = YES;
				CLANG_WARN_BOOL_CONVERSION = YES;
				CLANG_WARN_COMMA = YES;
				CLANG_WARN_CONSTANT_CONVERSION = YES;
				CLANG_WARN_DEPRECATED_OBJC_IMPLEMENTATIONS = YES;
				CLANG_WARN_DIRECT_OBJC_ISA_USAGE = YES_ERROR;
				CLANG_WARN_DOCUMENTATION_COMMENTS = YES;
				CLANG_WARN_EMPTY_BODY = YES;
				CLANG_WARN_ENUM_CONVERSION = YES;
				CLANG_WARN_INFINITE_RECURSION = YES;
				CLANG_WARN_INT_CONVERSION = YES;
				CLANG_WARN_NON_LITERAL_NULL_CONVERSION = YES;
				CLANG_WARN_OBJC_IMPLICIT_RETAIN_SELF = YES;
				CLANG_WARN_OBJC_LITERAL_CONVERSION = YES;
				CLANG_WARN_OBJC_ROOT_CLASS = YES_ERROR;
				CLANG_WARN_RANGE_LOOP_ANALYSIS = YES;
				CLANG_WARN_STRICT_PROTOTYPES = YES;
				CLANG_WARN_SUSPICIOUS_MOVE = YES;
				CLANG_WARN_UNGUARDED_AVAILABILITY = YES_AGGRESSIVE;
				CLANG_WARN_UNREACHABLE_CODE = YES;
				CLANG_WARN__DUPLICATE_METHOD_MATCH = YES;
				CODE_SIGN_IDENTITY = "iPhone Developer";
				COPY_PHASE_STRIP = NO;
				DEBUG_INFORMATION_FORMAT = "dwarf-with-dsym";
				ENABLE_NS_ASSERTIONS = NO;
				ENABLE_STRICT_OBJC_MSGSEND = YES;
				GCC_C_LANGUAGE_STANDARD = gnu11;
				GCC_NO_COMMON_BLOCKS = YES;
				GCC_WARN_64_TO_32_BIT_CONVERSION = YES;
				GCC_WARN_ABOUT_RETURN_TYPE = YES_ERROR;
				GCC_WARN_UNDECLARED_SELECTOR = YES;
				GCC_WARN_UNINITIALIZED_AUTOS = YES_AGGRESSIVE;
				GCC_WARN_UNUSED_FUNCTION = YES;
				GCC_WARN_UNUSED_VARIABLE = YES;
				IPHONEOS_DEPLOYMENT_TARGET = 11.0;
				MTL_ENABLE_DEBUG_INFO = NO;
				SDKROOT = iphoneos;
				SWIFT_OPTIMIZATION_LEVEL = "-Owholemodule";
				VALIDATE_PRODUCT = YES;
			};
			name = Release;
		};
		74B79267202B3254006BCB41 /* Debug */ = {
			isa = XCBuildConfiguration;
			baseConfigurationReference = 0DC827AF5714584F5E50E0A0 /* Pods-Course2FinalTask.debug.xcconfig */;
			buildSettings = {
				ALWAYS_EMBED_SWIFT_STANDARD_LIBRARIES = YES;
				ASSETCATALOG_COMPILER_APPICON_NAME = AppIcon;
				"CODE_SIGN_IDENTITY[sdk=iphoneos*]" = "iPhone Developer";
				CODE_SIGN_STYLE = Automatic;
				DEVELOPMENT_TEAM = DT77TXF86Y;
				ENABLE_BITCODE = NO;
				FRAMEWORK_SEARCH_PATHS = (
					"$(inherited)",
					"$(PROJECT_DIR)",
				);
				INFOPLIST_FILE = "$(SRCROOT)/Course2FinalTask/Supporting Files/Info.plist";
				LD_RUNPATH_SEARCH_PATHS = "$(inherited) @executable_path/Frameworks";
				PRODUCT_BUNDLE_IDENTIFIER = "com.e-legion.Course2FinalTask";
				PRODUCT_NAME = "$(TARGET_NAME)";
				PROVISIONING_PROFILE_SPECIFIER = "";
				SWIFT_VERSION = 5.0;
				TARGETED_DEVICE_FAMILY = 1;
			};
			name = Debug;
		};
		74B79268202B3254006BCB41 /* Release */ = {
			isa = XCBuildConfiguration;
			baseConfigurationReference = 6C67532A6FC10CEBFB2EB40A /* Pods-Course2FinalTask.release.xcconfig */;
			buildSettings = {
				ALWAYS_EMBED_SWIFT_STANDARD_LIBRARIES = YES;
				ASSETCATALOG_COMPILER_APPICON_NAME = AppIcon;
				"CODE_SIGN_IDENTITY[sdk=iphoneos*]" = "iPhone Developer";
				CODE_SIGN_STYLE = Automatic;
				DEVELOPMENT_TEAM = DT77TXF86Y;
				ENABLE_BITCODE = NO;
				FRAMEWORK_SEARCH_PATHS = (
					"$(inherited)",
					"$(PROJECT_DIR)",
				);
				INFOPLIST_FILE = "$(SRCROOT)/Course2FinalTask/Supporting Files/Info.plist";
				LD_RUNPATH_SEARCH_PATHS = "$(inherited) @executable_path/Frameworks";
				PRODUCT_BUNDLE_IDENTIFIER = "com.e-legion.Course2FinalTask";
				PRODUCT_NAME = "$(TARGET_NAME)";
				PROVISIONING_PROFILE_SPECIFIER = "";
				SWIFT_VERSION = 5.0;
				TARGETED_DEVICE_FAMILY = 1;
			};
			name = Release;
		};
/* End XCBuildConfiguration section */

/* Begin XCConfigurationList section */
		74B7924F202B3254006BCB41 /* Build configuration list for PBXProject "Course2FinalTask" */ = {
			isa = XCConfigurationList;
			buildConfigurations = (
				74B79264202B3254006BCB41 /* Debug */,
				74B79265202B3254006BCB41 /* Release */,
			);
			defaultConfigurationIsVisible = 0;
			defaultConfigurationName = Release;
		};
		74B79266202B3254006BCB41 /* Build configuration list for PBXNativeTarget "Course2FinalTask" */ = {
			isa = XCConfigurationList;
			buildConfigurations = (
				74B79267202B3254006BCB41 /* Debug */,
				74B79268202B3254006BCB41 /* Release */,
			);
			defaultConfigurationIsVisible = 0;
			defaultConfigurationName = Release;
		};
/* End XCConfigurationList section */
	};
	rootObject = 74B7924C202B3254006BCB41 /* Project object */;
}
